
Microsoft Visual Studio Solution File, Format Version 12.00
# Visual Studio Version 17
VisualStudioVersion = 17.0.31903.59
MinimumVisualStudioVersion = 10.0.40219.1
Project("{2150E333-8FDC-42A3-9474-1A3956D46DE8}") = "src", "src", "{0969710F-3BB0-49D6-9EAD-78837B018A62}"
EndProject
Project("{2150E333-8FDC-42A3-9474-1A3956D46DE8}") = "test", "test", "{2F85F235-55D8-424C-AA07-F9A4C087D892}"
EndProject
Project("{2150E333-8FDC-42A3-9474-1A3956D46DE8}") = "1.Core", "1.Core", "{A9FD6CFC-D17C-4114-9826-9C1EB3B9AA3E}"
EndProject
Project("{2150E333-8FDC-42A3-9474-1A3956D46DE8}") = "2.Infra", "2.Infra", "{53689D3D-CC84-4D77-B808-C99DF25D5140}"
EndProject
Project("{2150E333-8FDC-42A3-9474-1A3956D46DE8}") = "3.Endpoint", "3.Endpoint", "{954A0EF5-0710-4D8E-A63B-1CB85442C50C}"
EndProject
Project("{9A19103F-16F7-4668-BE54-9A1E7A4F7556}") = "NewsCMS.Core.Domain", "src\1.Core\NewsCMS.Core.Domain\NewsCMS.Core.Domain.csproj", "{20EC1046-E5A8-496B-9049-E43056F6C5E2}"
EndProject
Project("{9A19103F-16F7-4668-BE54-9A1E7A4F7556}") = "NewsCMS.Core.Domain.Service", "src\1.Core\NewsCMS.Core.Domain.Service\NewsCMS.Core.Domain.Service.csproj", "{93C2ECA4-6F2C-4D99-92C2-473853C2CBCA}"
EndProject
Project("{9A19103F-16F7-4668-BE54-9A1E7A4F7556}") = "NewsCMS.Core.Application", "src\1.Core\NewsCMS.Core.Application\NewsCMS.Core.Application.csproj", "{63BB6B49-0CF0-48BD-8B3C-7DD9368FA18D}"
EndProject
Project("{9A19103F-16F7-4668-BE54-9A1E7A4F7556}") = "NewsCMS.Endpoint", "src\3.Endpoint\NewsCMS.Endpoint\NewsCMS.Endpoint.csproj", "{DFE694E4-E823-4792-908E-5F0B4E7EF2F9}"
EndProject
Project("{9A19103F-16F7-4668-BE54-9A1E7A4F7556}") = "NewsCMS.Core.Contract", "src\1.Core\NewsCMS.Core.Contract\NewsCMS.Core.Contract.csproj", "{2D988B6D-7AF4-4D1E-89DF-C63FC5B29A5E}"
EndProject
Project("{2150E333-8FDC-42A3-9474-1A3956D46DE8}") = "Data", "Data", "{48F8A917-17D0-469A-8388-A0DEBCDA6110}"
EndProject
Project("{9A19103F-16F7-4668-BE54-9A1E7A4F7556}") = "NewsCMS.Infra.Data.Sql.Command", "src\2.Infra\Data\NewsCMS.Infra.Data.Sql.Command\NewsCMS.Infra.Data.Sql.Command.csproj", "{22BCF4A2-4ABF-4EAE-A4A6-5BF11B19B2DD}"
EndProject
Project("{9A19103F-16F7-4668-BE54-9A1E7A4F7556}") = "NewsCMS.Infra.Data.Sql.Query", "src\2.Infra\Data\NewsCMS.Infra.Data.Sql.Query\NewsCMS.Infra.Data.Sql.Query.csproj", "{EFD24D3F-987B-45BB-9896-6C1D8D265124}"
EndProject
Project("{9A19103F-16F7-4668-BE54-9A1E7A4F7556}") = "NewsCMS.Infra.Data.Sql.Common", "src\2.Infra\Data\NewsCMS.Infra.Data.Sql.Common\NewsCMS.Infra.Data.Sql.Common.csproj", "{9B8D5E9C-846B-44FB-8648-DA6693D2ECFC}"
EndProject
Project("{2150E333-8FDC-42A3-9474-1A3956D46DE8}") = "1.Core", "1.Core", "{109D36C6-42D9-446B-91DB-D9184F7C879D}"
EndProject
Project("{2150E333-8FDC-42A3-9474-1A3956D46DE8}") = "2.Infra", "2.Infra", "{3FF7CBCA-1A3D-41B8-A490-8FA337DB4630}"
EndProject
Project("{2150E333-8FDC-42A3-9474-1A3956D46DE8}") = "3.Endpoint", "3.Endpoint", "{81361E11-2571-4301-B4F0-D3B568447B52}"
EndProject
Project("{9A19103F-16F7-4668-BE54-9A1E7A4F7556}") = "NewsCMS.Tests.E2E", "test\3.Endpoint\NewsCMS.Tests.E2E\NewsCMS.Tests.E2E.csproj", "{1BEEFE33-7FC2-4EC5-9FC5-1AF7E1BD25FF}"
EndProject
Project("{9A19103F-16F7-4668-BE54-9A1E7A4F7556}") = "NewsCMS.Infra.Tests.Integration", "test\2.Infra\NewsCMS.Infra.Tests.Integration\NewsCMS.Infra.Tests.Integration.csproj", "{49BE4742-433F-438E-8165-3F9FF17DDBC1}"
EndProject
Project("{9A19103F-16F7-4668-BE54-9A1E7A4F7556}") = "NewsCMS.Infra.Tests.Unit", "test\2.Infra\NewsCMS.Infra.Tests.Unit\NewsCMS.Infra.Tests.Unit.csproj", "{954BD50B-834C-44CB-9894-84A8A1B6077F}"
EndProject
Project("{9A19103F-16F7-4668-BE54-9A1E7A4F7556}") = "NewsCMS.Application.Tests.Integration", "test\1.Core\NewsCMS.Application.Tests.Integration\NewsCMS.Application.Tests.Integration.csproj", "{802216A6-DEE6-4EAD-9765-3D418DF3C9C4}"
EndProject
Project("{9A19103F-16F7-4668-BE54-9A1E7A4F7556}") = "NewsCMS.Application.Tests.Unit", "test\1.Core\NewsCMS.Application.Tests.Unit\NewsCMS.Application.Tests.Unit.csproj", "{C2F9F3A5-CE70-4A45-9076-24EC77D90B5D}"
EndProject
Project("{9A19103F-16F7-4668-BE54-9A1E7A4F7556}") = "NewsCMS.Domain.Tests.Unit", "test\1.Core\NewsCMS.Domain.Tests.Unit\NewsCMS.Domain.Tests.Unit.csproj", "{A6A6F1FA-724A-478C-9BE2-7A20F06A8732}"
EndProject
Global
	GlobalSection(SolutionConfigurationPlatforms) = preSolution
		Debug|Any CPU = Debug|Any CPU
		Release|Any CPU = Release|Any CPU
	EndGlobalSection
	GlobalSection(ProjectConfigurationPlatforms) = postSolution
		{20EC1046-E5A8-496B-9049-E43056F6C5E2}.Debug|Any CPU.ActiveCfg = Debug|Any CPU
		{20EC1046-E5A8-496B-9049-E43056F6C5E2}.Debug|Any CPU.Build.0 = Debug|Any CPU
		{20EC1046-E5A8-496B-9049-E43056F6C5E2}.Release|Any CPU.ActiveCfg = Release|Any CPU
		{20EC1046-E5A8-496B-9049-E43056F6C5E2}.Release|Any CPU.Build.0 = Release|Any CPU
		{93C2ECA4-6F2C-4D99-92C2-473853C2CBCA}.Debug|Any CPU.ActiveCfg = Debug|Any CPU
		{93C2ECA4-6F2C-4D99-92C2-473853C2CBCA}.Debug|Any CPU.Build.0 = Debug|Any CPU
		{93C2ECA4-6F2C-4D99-92C2-473853C2CBCA}.Release|Any CPU.ActiveCfg = Release|Any CPU
		{93C2ECA4-6F2C-4D99-92C2-473853C2CBCA}.Release|Any CPU.Build.0 = Release|Any CPU
		{63BB6B49-0CF0-48BD-8B3C-7DD9368FA18D}.Debug|Any CPU.ActiveCfg = Debug|Any CPU
		{63BB6B49-0CF0-48BD-8B3C-7DD9368FA18D}.Debug|Any CPU.Build.0 = Debug|Any CPU
		{63BB6B49-0CF0-48BD-8B3C-7DD9368FA18D}.Release|Any CPU.ActiveCfg = Release|Any CPU
		{63BB6B49-0CF0-48BD-8B3C-7DD9368FA18D}.Release|Any CPU.Build.0 = Release|Any CPU
		{DFE694E4-E823-4792-908E-5F0B4E7EF2F9}.Debug|Any CPU.ActiveCfg = Debug|Any CPU
		{DFE694E4-E823-4792-908E-5F0B4E7EF2F9}.Debug|Any CPU.Build.0 = Debug|Any CPU
		{DFE694E4-E823-4792-908E-5F0B4E7EF2F9}.Release|Any CPU.ActiveCfg = Release|Any CPU
		{DFE694E4-E823-4792-908E-5F0B4E7EF2F9}.Release|Any CPU.Build.0 = Release|Any CPU
		{2D988B6D-7AF4-4D1E-89DF-C63FC5B29A5E}.Debug|Any CPU.ActiveCfg = Debug|Any CPU
		{2D988B6D-7AF4-4D1E-89DF-C63FC5B29A5E}.Debug|Any CPU.Build.0 = Debug|Any CPU
		{2D988B6D-7AF4-4D1E-89DF-C63FC5B29A5E}.Release|Any CPU.ActiveCfg = Release|Any CPU
		{2D988B6D-7AF4-4D1E-89DF-C63FC5B29A5E}.Release|Any CPU.Build.0 = Release|Any CPU
		{22BCF4A2-4ABF-4EAE-A4A6-5BF11B19B2DD}.Debug|Any CPU.ActiveCfg = Debug|Any CPU
		{22BCF4A2-4ABF-4EAE-A4A6-5BF11B19B2DD}.Debug|Any CPU.Build.0 = Debug|Any CPU
		{22BCF4A2-4ABF-4EAE-A4A6-5BF11B19B2DD}.Release|Any CPU.ActiveCfg = Release|Any CPU
		{22BCF4A2-4ABF-4EAE-A4A6-5BF11B19B2DD}.Release|Any CPU.Build.0 = Release|Any CPU
		{EFD24D3F-987B-45BB-9896-6C1D8D265124}.Debug|Any CPU.ActiveCfg = Debug|Any CPU
		{EFD24D3F-987B-45BB-9896-6C1D8D265124}.Debug|Any CPU.Build.0 = Debug|Any CPU
		{EFD24D3F-987B-45BB-9896-6C1D8D265124}.Release|Any CPU.ActiveCfg = Release|Any CPU
		{EFD24D3F-987B-45BB-9896-6C1D8D265124}.Release|Any CPU.Build.0 = Release|Any CPU
		{9B8D5E9C-846B-44FB-8648-DA6693D2ECFC}.Debug|Any CPU.ActiveCfg = Debug|Any CPU
		{9B8D5E9C-846B-44FB-8648-DA6693D2ECFC}.Debug|Any CPU.Build.0 = Debug|Any CPU
		{9B8D5E9C-846B-44FB-8648-DA6693D2ECFC}.Release|Any CPU.ActiveCfg = Release|Any CPU
		{9B8D5E9C-846B-44FB-8648-DA6693D2ECFC}.Release|Any CPU.Build.0 = Release|Any CPU
		{1BEEFE33-7FC2-4EC5-9FC5-1AF7E1BD25FF}.Debug|Any CPU.ActiveCfg = Debug|Any CPU
		{1BEEFE33-7FC2-4EC5-9FC5-1AF7E1BD25FF}.Debug|Any CPU.Build.0 = Debug|Any CPU
		{1BEEFE33-7FC2-4EC5-9FC5-1AF7E1BD25FF}.Release|Any CPU.ActiveCfg = Release|Any CPU
		{1BEEFE33-7FC2-4EC5-9FC5-1AF7E1BD25FF}.Release|Any CPU.Build.0 = Release|Any CPU
		{49BE4742-433F-438E-8165-3F9FF17DDBC1}.Debug|Any CPU.ActiveCfg = Debug|Any CPU
		{49BE4742-433F-438E-8165-3F9FF17DDBC1}.Debug|Any CPU.Build.0 = Debug|Any CPU
		{49BE4742-433F-438E-8165-3F9FF17DDBC1}.Release|Any CPU.ActiveCfg = Release|Any CPU
		{49BE4742-433F-438E-8165-3F9FF17DDBC1}.Release|Any CPU.Build.0 = Release|Any CPU
		{954BD50B-834C-44CB-9894-84A8A1B6077F}.Debug|Any CPU.ActiveCfg = Debug|Any CPU
		{954BD50B-834C-44CB-9894-84A8A1B6077F}.Debug|Any CPU.Build.0 = Debug|Any CPU
		{954BD50B-834C-44CB-9894-84A8A1B6077F}.Release|Any CPU.ActiveCfg = Release|Any CPU
		{954BD50B-834C-44CB-9894-84A8A1B6077F}.Release|Any CPU.Build.0 = Release|Any CPU
		{802216A6-DEE6-4EAD-9765-3D418DF3C9C4}.Debug|Any CPU.ActiveCfg = Debug|Any CPU
		{802216A6-DEE6-4EAD-9765-3D418DF3C9C4}.Debug|Any CPU.Build.0 = Debug|Any CPU
		{802216A6-DEE6-4EAD-9765-3D418DF3C9C4}.Release|Any CPU.ActiveCfg = Release|Any CPU
		{802216A6-DEE6-4EAD-9765-3D418DF3C9C4}.Release|Any CPU.Build.0 = Release|Any CPU
		{C2F9F3A5-CE70-4A45-9076-24EC77D90B5D}.Debug|Any CPU.ActiveCfg = Debug|Any CPU
		{C2F9F3A5-CE70-4A45-9076-24EC77D90B5D}.Debug|Any CPU.Build.0 = Debug|Any CPU
		{C2F9F3A5-CE70-4A45-9076-24EC77D90B5D}.Release|Any CPU.ActiveCfg = Release|Any CPU
		{C2F9F3A5-CE70-4A45-9076-24EC77D90B5D}.Release|Any CPU.Build.0 = Release|Any CPU
		{A6A6F1FA-724A-478C-9BE2-7A20F06A8732}.Debug|Any CPU.ActiveCfg = Debug|Any CPU
		{A6A6F1FA-724A-478C-9BE2-7A20F06A8732}.Debug|Any CPU.Build.0 = Debug|Any CPU
		{A6A6F1FA-724A-478C-9BE2-7A20F06A8732}.Release|Any CPU.ActiveCfg = Release|Any CPU
		{A6A6F1FA-724A-478C-9BE2-7A20F06A8732}.Release|Any CPU.Build.0 = Release|Any CPU
	EndGlobalSection
	GlobalSection(SolutionProperties) = preSolution
		HideSolutionNode = FALSE
	EndGlobalSection
	GlobalSection(NestedProjects) = preSolution
		{A9FD6CFC-D17C-4114-9826-9C1EB3B9AA3E} = {0969710F-3BB0-49D6-9EAD-78837B018A62}
		{53689D3D-CC84-4D77-B808-C99DF25D5140} = {0969710F-3BB0-49D6-9EAD-78837B018A62}
		{954A0EF5-0710-4D8E-A63B-1CB85442C50C} = {0969710F-3BB0-49D6-9EAD-78837B018A62}
		{20EC1046-E5A8-496B-9049-E43056F6C5E2} = {A9FD6CFC-D17C-4114-9826-9C1EB3B9AA3E}
		{93C2ECA4-6F2C-4D99-92C2-473853C2CBCA} = {A9FD6CFC-D17C-4114-9826-9C1EB3B9AA3E}
		{63BB6B49-0CF0-48BD-8B3C-7DD9368FA18D} = {A9FD6CFC-D17C-4114-9826-9C1EB3B9AA3E}
		{DFE694E4-E823-4792-908E-5F0B4E7EF2F9} = {954A0EF5-0710-4D8E-A63B-1CB85442C50C}
		{2D988B6D-7AF4-4D1E-89DF-C63FC5B29A5E} = {A9FD6CFC-D17C-4114-9826-9C1EB3B9AA3E}
		{48F8A917-17D0-469A-8388-A0DEBCDA6110} = {53689D3D-CC84-4D77-B808-C99DF25D5140}
		{22BCF4A2-4ABF-4EAE-A4A6-5BF11B19B2DD} = {48F8A917-17D0-469A-8388-A0DEBCDA6110}
		{EFD24D3F-987B-45BB-9896-6C1D8D265124} = {48F8A917-17D0-469A-8388-A0DEBCDA6110}
		{9B8D5E9C-846B-44FB-8648-DA6693D2ECFC} = {48F8A917-17D0-469A-8388-A0DEBCDA6110}
		{109D36C6-42D9-446B-91DB-D9184F7C879D} = {2F85F235-55D8-424C-AA07-F9A4C087D892}
		{3FF7CBCA-1A3D-41B8-A490-8FA337DB4630} = {2F85F235-55D8-424C-AA07-F9A4C087D892}
		{81361E11-2571-4301-B4F0-D3B568447B52} = {2F85F235-55D8-424C-AA07-F9A4C087D892}
		{1BEEFE33-7FC2-4EC5-9FC5-1AF7E1BD25FF} = {81361E11-2571-4301-B4F0-D3B568447B52}
		{49BE4742-433F-438E-8165-3F9FF17DDBC1} = {3FF7CBCA-1A3D-41B8-A490-8FA337DB4630}
		{954BD50B-834C-44CB-9894-84A8A1B6077F} = {3FF7CBCA-1A3D-41B8-A490-8FA337DB4630}
		{802216A6-DEE6-4EAD-9765-3D418DF3C9C4} = {109D36C6-42D9-446B-91DB-D9184F7C879D}
		{C2F9F3A5-CE70-4A45-9076-24EC77D90B5D} = {109D36C6-42D9-446B-91DB-D9184F7C879D}
		{A6A6F1FA-724A-478C-9BE2-7A20F06A8732} = {109D36C6-42D9-446B-91DB-D9184F7C879D}
	EndGlobalSection
	GlobalSection(ExtensibilityGlobals) = postSolution
		SolutionGuid = {D48431F9-76A9-4116-AB8D-B2F6CDBFC697}
	EndGlobalSection
EndGlobal
